
Microsoft Visual Studio Solution File, Format Version 12.00
# Visual Studio Version 17
VisualStudioVersion = 17.4.33205.214
MinimumVisualStudioVersion = 10.0.40219.1
Project("{FAE04EC0-301F-11D3-BF4B-00C04F79EFBC}") = "SuperHeroAPI", "SuperHeroAPI\SuperHeroAPI.csproj", "{2F903139-664B-41B8-8050-EDADA640D63B}"
EndProject
Global
	GlobalSection(SolutionConfigurationPlatforms) = preSolution
		Debug|Any CPU = Debug|Any CPU
		Release|Any CPU = Release|Any CPU
	EndGlobalSection
	GlobalSection(ProjectConfigurationPlatforms) = postSolution
		{2F903139-664B-41B8-8050-EDADA640D63B}.Debug|Any CPU.ActiveCfg = Debug|Any CPU
		{2F903139-664B-41B8-8050-EDADA640D63B}.Debug|Any CPU.Build.0 = Debug|Any CPU
		{2F903139-664B-41B8-8050-EDADA640D63B}.Release|Any CPU.ActiveCfg = Release|Any CPU
		{2F903139-664B-41B8-8050-EDADA640D63B}.Release|Any CPU.Build.0 = Release|Any CPU
	EndGlobalSection
	GlobalSection(SolutionProperties) = preSolution
		HideSolutionNode = FALSE
	EndGlobalSection
	GlobalSection(ExtensibilityGlobals) = postSolution
		SolutionGuid = {84F17B49-D66D-4C2E-9A27-D8AA63A52AB9}
	EndGlobalSection
EndGlobal
